
Microsoft Visual Studio Solution File, Format Version 12.00
# Visual Studio 2012
Project("{FAE04EC0-301F-11D3-BF4B-00C04F79EFBC}") = "StandardTypes", "StandardTypes\StandardTypes.csproj", "{CFF5C8B3-B878-4C8B-957A-647C1FD9CA08}"
EndProject
Project("{FAE04EC0-301F-11D3-BF4B-00C04F79EFBC}") = "NeuralNet", "NeuralNet\NeuralNet.csproj", "{9E493526-5768-4DFF-BC61-AB98FBEFFE2F}"
EndProject
Project("{FAE04EC0-301F-11D3-BF4B-00C04F79EFBC}") = "GeneticAlgorithm", "GeneticAlgorithm\GeneticAlgorithm.csproj", "{3CAC5360-1E38-4486-86F1-75C8E7B5E389}"
EndProject
Project("{2150E333-8FDC-42A3-9474-1A3956D46DE8}") = "MachineLearning", "MachineLearning", "{A032B607-BAB7-4A21-A6ED-30E8DF7C9A26}"
EndProject
Project("{2150E333-8FDC-42A3-9474-1A3956D46DE8}") = "Tests", "Tests", "{9657B0A7-A649-4F5A-AD87-37AF5C4EA53C}"
EndProject
Project("{2150E333-8FDC-42A3-9474-1A3956D46DE8}") = "NeuralNet", "NeuralNet", "{C11F580E-3898-4BD4-BFC1-EEEE9B27F33C}"
EndProject
Project("{2150E333-8FDC-42A3-9474-1A3956D46DE8}") = "GeneticAlgorithm", "GeneticAlgorithm", "{3C012B7D-AF02-456E-8707-1871C65EF170}"
EndProject
Project("{FAE04EC0-301F-11D3-BF4B-00C04F79EFBC}") = "LettersClassification", "LettersClassification\LettersClassification.csproj", "{672F7C41-95F0-4A59-87AE-C6E4B08F148A}"
	ProjectSection(ProjectDependencies) = postProject
		{9D660A70-A7B3-4DCE-9331-F98FAD232665} = {9D660A70-A7B3-4DCE-9331-F98FAD232665}
		{E5A84371-C297-4375-BC50-2A99F6B0140F} = {E5A84371-C297-4375-BC50-2A99F6B0140F}
		{008D30DF-D981-415D-BD54-5D90DF040A3F} = {008D30DF-D981-415D-BD54-5D90DF040A3F}
	EndProjectSection
EndProject
Project("{2150E333-8FDC-42A3-9474-1A3956D46DE8}") = "Native", "Native", "{5FB55F75-C04C-420B-A2FC-ECB01F09B1EB}"
EndProject
Project("{2150E333-8FDC-42A3-9474-1A3956D46DE8}") = "Managed", "Managed", "{42979B27-E65A-405E-AFFF-B02156024662}"
EndProject
Project("{8BC9CEB8-8B4A-11D0-8D11-00A0C91BC942}") = "NeuralNetNative", "NeuralNetNative\NeuralNetNative.vcxproj", "{9D660A70-A7B3-4DCE-9331-F98FAD232665}"
	ProjectSection(ProjectDependencies) = postProject
		{008D30DF-D981-415D-BD54-5D90DF040A3F} = {008D30DF-D981-415D-BD54-5D90DF040A3F}
	EndProjectSection
EndProject
Project("{8BC9CEB8-8B4A-11D0-8D11-00A0C91BC942}") = "StandardTypesNative", "StandartTypesNative\StandartTypesNative.vcxproj", "{008D30DF-D981-415D-BD54-5D90DF040A3F}"
EndProject
Project("{8BC9CEB8-8B4A-11D0-8D11-00A0C91BC942}") = "NeuralNetNativeWrapper", "NeuralNetNativeWrapper\NeuralNetNativeWrapper.vcxproj", "{E5A84371-C297-4375-BC50-2A99F6B0140F}"
	ProjectSection(ProjectDependencies) = postProject
		{9D660A70-A7B3-4DCE-9331-F98FAD232665} = {9D660A70-A7B3-4DCE-9331-F98FAD232665}
		{008D30DF-D981-415D-BD54-5D90DF040A3F} = {008D30DF-D981-415D-BD54-5D90DF040A3F}
	EndProjectSection
EndProject
Project("{FAE04EC0-301F-11D3-BF4B-00C04F79EFBC}") = "TestGA", "TestGA\TestGA.csproj", "{14579C45-DB2D-4DF2-84B8-8E8494C99529}"
	ProjectSection(ProjectDependencies) = postProject
		{3CAC5360-1E38-4486-86F1-75C8E7B5E389} = {3CAC5360-1E38-4486-86F1-75C8E7B5E389}
	EndProjectSection
EndProject
Project("{FAE04EC0-301F-11D3-BF4B-00C04F79EFBC}") = "LettersRecovery", "LettersRecovery\LettersRecovery.csproj", "{F5DD7FE5-F2F3-45AD-9C7B-1718471FAE38}"
	ProjectSection(ProjectDependencies) = postProject
		{9D660A70-A7B3-4DCE-9331-F98FAD232665} = {9D660A70-A7B3-4DCE-9331-F98FAD232665}
		{008D30DF-D981-415D-BD54-5D90DF040A3F} = {008D30DF-D981-415D-BD54-5D90DF040A3F}
	EndProjectSection
EndProject
Global
	GlobalSection(SolutionConfigurationPlatforms) = preSolution
		Debug|Any CPU = Debug|Any CPU
		Debug|Mixed Platforms = Debug|Mixed Platforms
		Debug|x64 = Debug|x64
		Release|Any CPU = Release|Any CPU
		Release|Mixed Platforms = Release|Mixed Platforms
		Release|x64 = Release|x64
	EndGlobalSection
	GlobalSection(ProjectConfigurationPlatforms) = postSolution
		{CFF5C8B3-B878-4C8B-957A-647C1FD9CA08}.Debug|Any CPU.ActiveCfg = Debug|Any CPU
		{CFF5C8B3-B878-4C8B-957A-647C1FD9CA08}.Debug|Any CPU.Build.0 = Debug|Any CPU
		{CFF5C8B3-B878-4C8B-957A-647C1FD9CA08}.Debug|Mixed Platforms.ActiveCfg = Debug|Any CPU
		{CFF5C8B3-B878-4C8B-957A-647C1FD9CA08}.Debug|Mixed Platforms.Build.0 = Debug|Any CPU
		{CFF5C8B3-B878-4C8B-957A-647C1FD9CA08}.Debug|x64.ActiveCfg = Debug|Any CPU
		{CFF5C8B3-B878-4C8B-957A-647C1FD9CA08}.Debug|x64.Build.0 = Debug|Any CPU
		{CFF5C8B3-B878-4C8B-957A-647C1FD9CA08}.Release|Any CPU.ActiveCfg = Release|Any CPU
		{CFF5C8B3-B878-4C8B-957A-647C1FD9CA08}.Release|Any CPU.Build.0 = Release|Any CPU
		{CFF5C8B3-B878-4C8B-957A-647C1FD9CA08}.Release|Mixed Platforms.ActiveCfg = Release|Any CPU
		{CFF5C8B3-B878-4C8B-957A-647C1FD9CA08}.Release|Mixed Platforms.Build.0 = Release|Any CPU
		{CFF5C8B3-B878-4C8B-957A-647C1FD9CA08}.Release|x64.ActiveCfg = Release|Any CPU
		{CFF5C8B3-B878-4C8B-957A-647C1FD9CA08}.Release|x64.Build.0 = Release|Any CPU
		{9E493526-5768-4DFF-BC61-AB98FBEFFE2F}.Debug|Any CPU.ActiveCfg = Debug|Any CPU
		{9E493526-5768-4DFF-BC61-AB98FBEFFE2F}.Debug|Any CPU.Build.0 = Debug|Any CPU
		{9E493526-5768-4DFF-BC61-AB98FBEFFE2F}.Debug|Mixed Platforms.ActiveCfg = Debug|Any CPU
		{9E493526-5768-4DFF-BC61-AB98FBEFFE2F}.Debug|Mixed Platforms.Build.0 = Debug|Any CPU
		{9E493526-5768-4DFF-BC61-AB98FBEFFE2F}.Debug|x64.ActiveCfg = Debug|Any CPU
		{9E493526-5768-4DFF-BC61-AB98FBEFFE2F}.Debug|x64.Build.0 = Debug|Any CPU
		{9E493526-5768-4DFF-BC61-AB98FBEFFE2F}.Release|Any CPU.ActiveCfg = Release|Any CPU
		{9E493526-5768-4DFF-BC61-AB98FBEFFE2F}.Release|Any CPU.Build.0 = Release|Any CPU
		{9E493526-5768-4DFF-BC61-AB98FBEFFE2F}.Release|Mixed Platforms.ActiveCfg = Release|Any CPU
		{9E493526-5768-4DFF-BC61-AB98FBEFFE2F}.Release|Mixed Platforms.Build.0 = Release|Any CPU
		{9E493526-5768-4DFF-BC61-AB98FBEFFE2F}.Release|x64.ActiveCfg = Release|Any CPU
		{9E493526-5768-4DFF-BC61-AB98FBEFFE2F}.Release|x64.Build.0 = Release|Any CPU
		{3CAC5360-1E38-4486-86F1-75C8E7B5E389}.Debug|Any CPU.ActiveCfg = Debug|Any CPU
		{3CAC5360-1E38-4486-86F1-75C8E7B5E389}.Debug|Any CPU.Build.0 = Debug|Any CPU
		{3CAC5360-1E38-4486-86F1-75C8E7B5E389}.Debug|Mixed Platforms.ActiveCfg = Debug|Any CPU
		{3CAC5360-1E38-4486-86F1-75C8E7B5E389}.Debug|Mixed Platforms.Build.0 = Debug|Any CPU
		{3CAC5360-1E38-4486-86F1-75C8E7B5E389}.Debug|x64.ActiveCfg = Debug|Any CPU
		{3CAC5360-1E38-4486-86F1-75C8E7B5E389}.Debug|x64.Build.0 = Debug|Any CPU
		{3CAC5360-1E38-4486-86F1-75C8E7B5E389}.Release|Any CPU.ActiveCfg = Release|Any CPU
		{3CAC5360-1E38-4486-86F1-75C8E7B5E389}.Release|Any CPU.Build.0 = Release|Any CPU
		{3CAC5360-1E38-4486-86F1-75C8E7B5E389}.Release|Mixed Platforms.ActiveCfg = Release|Any CPU
		{3CAC5360-1E38-4486-86F1-75C8E7B5E389}.Release|Mixed Platforms.Build.0 = Release|Any CPU
		{3CAC5360-1E38-4486-86F1-75C8E7B5E389}.Release|x64.ActiveCfg = Release|Any CPU
		{3CAC5360-1E38-4486-86F1-75C8E7B5E389}.Release|x64.Build.0 = Release|Any CPU
		{672F7C41-95F0-4A59-87AE-C6E4B08F148A}.Debug|Any CPU.ActiveCfg = Debug|x64
		{672F7C41-95F0-4A59-87AE-C6E4B08F148A}.Debug|Mixed Platforms.ActiveCfg = Debug|x64
		{672F7C41-95F0-4A59-87AE-C6E4B08F148A}.Debug|Mixed Platforms.Build.0 = Debug|x64
		{672F7C41-95F0-4A59-87AE-C6E4B08F148A}.Debug|x64.ActiveCfg = Debug|x64
		{672F7C41-95F0-4A59-87AE-C6E4B08F148A}.Debug|x64.Build.0 = Debug|x64
		{672F7C41-95F0-4A59-87AE-C6E4B08F148A}.Release|Any CPU.ActiveCfg = Release|x64
		{672F7C41-95F0-4A59-87AE-C6E4B08F148A}.Release|Mixed Platforms.ActiveCfg = Release|x64
		{672F7C41-95F0-4A59-87AE-C6E4B08F148A}.Release|Mixed Platforms.Build.0 = Release|x64
		{672F7C41-95F0-4A59-87AE-C6E4B08F148A}.Release|x64.ActiveCfg = Release|x64
		{672F7C41-95F0-4A59-87AE-C6E4B08F148A}.Release|x64.Build.0 = Release|x64
		{9D660A70-A7B3-4DCE-9331-F98FAD232665}.Debug|Any CPU.ActiveCfg = Debug|x64
		{9D660A70-A7B3-4DCE-9331-F98FAD232665}.Debug|Mixed Platforms.ActiveCfg = Debug|x64
		{9D660A70-A7B3-4DCE-9331-F98FAD232665}.Debug|Mixed Platforms.Build.0 = Debug|x64
		{9D660A70-A7B3-4DCE-9331-F98FAD232665}.Debug|x64.ActiveCfg = Debug|x64
		{9D660A70-A7B3-4DCE-9331-F98FAD232665}.Debug|x64.Build.0 = Debug|x64
		{9D660A70-A7B3-4DCE-9331-F98FAD232665}.Release|Any CPU.ActiveCfg = Release|x64
		{9D660A70-A7B3-4DCE-9331-F98FAD232665}.Release|Mixed Platforms.ActiveCfg = Release|x64
		{9D660A70-A7B3-4DCE-9331-F98FAD232665}.Release|Mixed Platforms.Build.0 = Release|x64
		{9D660A70-A7B3-4DCE-9331-F98FAD232665}.Release|x64.ActiveCfg = Release|x64
		{9D660A70-A7B3-4DCE-9331-F98FAD232665}.Release|x64.Build.0 = Release|x64
		{008D30DF-D981-415D-BD54-5D90DF040A3F}.Debug|Any CPU.ActiveCfg = Debug|x64
		{008D30DF-D981-415D-BD54-5D90DF040A3F}.Debug|Mixed Platforms.ActiveCfg = Debug|x64
		{008D30DF-D981-415D-BD54-5D90DF040A3F}.Debug|Mixed Platforms.Build.0 = Debug|x64
		{008D30DF-D981-415D-BD54-5D90DF040A3F}.Debug|x64.ActiveCfg = Debug|x64
		{008D30DF-D981-415D-BD54-5D90DF040A3F}.Debug|x64.Build.0 = Debug|x64
		{008D30DF-D981-415D-BD54-5D90DF040A3F}.Release|Any CPU.ActiveCfg = Release|x64
		{008D30DF-D981-415D-BD54-5D90DF040A3F}.Release|Mixed Platforms.ActiveCfg = Release|x64
		{008D30DF-D981-415D-BD54-5D90DF040A3F}.Release|Mixed Platforms.Build.0 = Release|x64
		{008D30DF-D981-415D-BD54-5D90DF040A3F}.Release|x64.ActiveCfg = Release|x64
		{008D30DF-D981-415D-BD54-5D90DF040A3F}.Release|x64.Build.0 = Release|x64
		{E5A84371-C297-4375-BC50-2A99F6B0140F}.Debug|Any CPU.ActiveCfg = Debug|x64
		{E5A84371-C297-4375-BC50-2A99F6B0140F}.Debug|Mixed Platforms.ActiveCfg = Debug|x64
		{E5A84371-C297-4375-BC50-2A99F6B0140F}.Debug|Mixed Platforms.Build.0 = Debug|x64
		{E5A84371-C297-4375-BC50-2A99F6B0140F}.Debug|x64.ActiveCfg = Debug|x64
		{E5A84371-C297-4375-BC50-2A99F6B0140F}.Debug|x64.Build.0 = Debug|x64
		{E5A84371-C297-4375-BC50-2A99F6B0140F}.Release|Any CPU.ActiveCfg = Release|x64
		{E5A84371-C297-4375-BC50-2A99F6B0140F}.Release|Mixed Platforms.ActiveCfg = Release|x64
		{E5A84371-C297-4375-BC50-2A99F6B0140F}.Release|Mixed Platforms.Build.0 = Release|x64
		{E5A84371-C297-4375-BC50-2A99F6B0140F}.Release|x64.ActiveCfg = Release|x64
		{E5A84371-C297-4375-BC50-2A99F6B0140F}.Release|x64.Build.0 = Release|x64
		{14579C45-DB2D-4DF2-84B8-8E8494C99529}.Debug|Any CPU.ActiveCfg = Debug|x64
		{14579C45-DB2D-4DF2-84B8-8E8494C99529}.Debug|Mixed Platforms.ActiveCfg = Debug|x64
		{14579C45-DB2D-4DF2-84B8-8E8494C99529}.Debug|Mixed Platforms.Build.0 = Debug|x64
		{14579C45-DB2D-4DF2-84B8-8E8494C99529}.Debug|x64.ActiveCfg = Debug|x64
		{14579C45-DB2D-4DF2-84B8-8E8494C99529}.Release|Any CPU.ActiveCfg = Release|x64
		{14579C45-DB2D-4DF2-84B8-8E8494C99529}.Release|Mixed Platforms.ActiveCfg = Release|x64
		{14579C45-DB2D-4DF2-84B8-8E8494C99529}.Release|Mixed Platforms.Build.0 = Release|x64
		{14579C45-DB2D-4DF2-84B8-8E8494C99529}.Release|x64.ActiveCfg = Release|x64
		{F5DD7FE5-F2F3-45AD-9C7B-1718471FAE38}.Debug|Any CPU.ActiveCfg = Debug|x64
		{F5DD7FE5-F2F3-45AD-9C7B-1718471FAE38}.Debug|Mixed Platforms.ActiveCfg = Debug|x64
		{F5DD7FE5-F2F3-45AD-9C7B-1718471FAE38}.Debug|Mixed Platforms.Build.0 = Debug|x64
		{F5DD7FE5-F2F3-45AD-9C7B-1718471FAE38}.Debug|x64.ActiveCfg = Debug|x64
		{F5DD7FE5-F2F3-45AD-9C7B-1718471FAE38}.Debug|x64.Build.0 = Debug|x64
		{F5DD7FE5-F2F3-45AD-9C7B-1718471FAE38}.Release|Any CPU.ActiveCfg = Release|x64
		{F5DD7FE5-F2F3-45AD-9C7B-1718471FAE38}.Release|Mixed Platforms.ActiveCfg = Release|x64
		{F5DD7FE5-F2F3-45AD-9C7B-1718471FAE38}.Release|Mixed Platforms.Build.0 = Release|x64
		{F5DD7FE5-F2F3-45AD-9C7B-1718471FAE38}.Release|x64.ActiveCfg = Release|x64
		{F5DD7FE5-F2F3-45AD-9C7B-1718471FAE38}.Release|x64.Build.0 = Release|x64
	EndGlobalSection
	GlobalSection(SolutionProperties) = preSolution
		HideSolutionNode = FALSE
	EndGlobalSection
	GlobalSection(NestedProjects) = preSolution
		{42979B27-E65A-405E-AFFF-B02156024662} = {A032B607-BAB7-4A21-A6ED-30E8DF7C9A26}
		{5FB55F75-C04C-420B-A2FC-ECB01F09B1EB} = {A032B607-BAB7-4A21-A6ED-30E8DF7C9A26}
		{3CAC5360-1E38-4486-86F1-75C8E7B5E389} = {42979B27-E65A-405E-AFFF-B02156024662}
		{CFF5C8B3-B878-4C8B-957A-647C1FD9CA08} = {42979B27-E65A-405E-AFFF-B02156024662}
		{9E493526-5768-4DFF-BC61-AB98FBEFFE2F} = {42979B27-E65A-405E-AFFF-B02156024662}
		{E5A84371-C297-4375-BC50-2A99F6B0140F} = {42979B27-E65A-405E-AFFF-B02156024662}
		{C11F580E-3898-4BD4-BFC1-EEEE9B27F33C} = {9657B0A7-A649-4F5A-AD87-37AF5C4EA53C}
		{3C012B7D-AF02-456E-8707-1871C65EF170} = {9657B0A7-A649-4F5A-AD87-37AF5C4EA53C}
		{672F7C41-95F0-4A59-87AE-C6E4B08F148A} = {C11F580E-3898-4BD4-BFC1-EEEE9B27F33C}
		{F5DD7FE5-F2F3-45AD-9C7B-1718471FAE38} = {C11F580E-3898-4BD4-BFC1-EEEE9B27F33C}
		{14579C45-DB2D-4DF2-84B8-8E8494C99529} = {3C012B7D-AF02-456E-8707-1871C65EF170}
		{9D660A70-A7B3-4DCE-9331-F98FAD232665} = {5FB55F75-C04C-420B-A2FC-ECB01F09B1EB}
		{008D30DF-D981-415D-BD54-5D90DF040A3F} = {5FB55F75-C04C-420B-A2FC-ECB01F09B1EB}
	EndGlobalSection
EndGlobal
